
Microsoft Visual Studio Solution File, Format Version 12.00
# Visual Studio Version 17
VisualStudioVersion = 17.0.32014.148
MinimumVisualStudioVersion = 10.0.40219.1
Project("{FAE04EC0-301F-11D3-BF4B-00C04F79EFBC}") = "UdpPlugSimulator", "UdpPlugSimulator\UdpPlugSimulator.csproj", "{BB945E8F-7627-4435-A5A3-B17E34656178}"
EndProject
Project("{E53339B2-1760-4266-BCC7-CA923CBCF16C}") = "docker-compose", "docker-compose.dcproj", "{1D9BB8CD-B5B7-4E87-A3AD-9240E793EC80}"
EndProject
Global
	GlobalSection(SolutionConfigurationPlatforms) = preSolution
		Debug|Any CPU = Debug|Any CPU
		Release|Any CPU = Release|Any CPU
	EndGlobalSection
	GlobalSection(ProjectConfigurationPlatforms) = postSolution
		{BB945E8F-7627-4435-A5A3-B17E34656178}.Debug|Any CPU.ActiveCfg = Debug|Any CPU
		{BB945E8F-7627-4435-A5A3-B17E34656178}.Debug|Any CPU.Build.0 = Debug|Any CPU
		{BB945E8F-7627-4435-A5A3-B17E34656178}.Release|Any CPU.ActiveCfg = Release|Any CPU
		{BB945E8F-7627-4435-A5A3-B17E34656178}.Release|Any CPU.Build.0 = Release|Any CPU
		{1D9BB8CD-B5B7-4E87-A3AD-9240E793EC80}.Debug|Any CPU.ActiveCfg = Debug|Any CPU
		{1D9BB8CD-B5B7-4E87-A3AD-9240E793EC80}.Debug|Any CPU.Build.0 = Debug|Any CPU
		{1D9BB8CD-B5B7-4E87-A3AD-9240E793EC80}.Release|Any CPU.ActiveCfg = Release|Any CPU
		{1D9BB8CD-B5B7-4E87-A3AD-9240E793EC80}.Release|Any CPU.Build.0 = Release|Any CPU
	EndGlobalSection
	GlobalSection(SolutionProperties) = preSolution
		HideSolutionNode = FALSE
	EndGlobalSection
	GlobalSection(ExtensibilityGlobals) = postSolution
		SolutionGuid = {A8514EFD-5ADA-407D-BD01-75F8E7EF482A}
	EndGlobalSection
EndGlobal
